PODS:
  - Alamofire (4.8.0)
  - AsyncSwift (2.0.4)
  - Closures (0.5)
  - Dwifft (0.9)
  - IQKeyboardManager (6.2.0)
  - Material (2.16.4):
    - Material/Core (= 2.16.4)
  - Material/Core (2.16.4):
    - Motion (~> 1.4.3)
  - Motion (1.4.3):
    - Motion/Core (= 1.4.3)
  - Motion/Core (1.4.3)
  - NVActivityIndicatorView (4.5.1):
    - NVActivityIndicatorView/Presenter (= 4.5.1)
  - NVActivityIndicatorView/Presenter (4.5.1)
  - ReachabilitySwift (4.3.0)
  - RequestLogger (1.0.0):
    - Alamofire (~> 4.7)
  - RxAtomic (4.4.0)
  - RxCocoa (4.4.0):
    - RxSwift (~> 4.0)
  - RxSwift (4.4.0):
    - RxAtomic (~> 4.4)
  - SwiftMessages (6.0.2):
    - SwiftMessages/App (= 6.0.2)
  - SwiftMessages/App (6.0.2)
  - SwiftyUserDefaults (3.0.1)

DEPENDENCIES:
  - Alamofire
  - AsyncSwift
  - Closures
  - Dwifft
  - IQKeyboardManager
  - Material
  - NVActivityIndicatorView
  - ReachabilitySwift
  - RequestLogger
  - RxCocoa
  - RxSwift
  - SwiftMessages
  - SwiftyUserDefaults

SPEC REPOS:
  https://github.com/cocoapods/specs.git:
    - Alamofire
    - AsyncSwift
    - Closures
    - Dwifft
    - IQKeyboardManager
    - Material
    - Motion
    - NVActivityIndicatorView
    - ReachabilitySwift
    - RequestLogger
    - RxAtomic
    - RxCocoa
    - RxSwift
    - SwiftMessages
    - SwiftyUserDefaults

SPEC CHECKSUMS:
  Alamofire: 3ec537f71edc9804815215393ae2b1a8ea33a844
  AsyncSwift: 65775a7b32e740609b24969ece3de58723b9dc3e
  Closures: ad5ebce1242de44d64505bfd3b7c25b12cad3d2e
  Dwifft: 42912068ed2a8146077d1a1404df18625bd086e1
  IQKeyboardManager: 6194101620b73af5e67900b8f89707a99de0b804
  Material: 4ed78690b09ffd148b5ffab6b4367fb1d8da1cd3
  Motion: 153ba49692997888556c7a95207278a8b1f8be95
  NVActivityIndicatorView: ec34a7b88c51fab270004a1a1f32116e711010cd
  ReachabilitySwift: 408477d1b6ed9779dba301953171e017c31241f3
  RequestLogger: 2f4aaf255c8b07d5a6a0ffeaa331ecc7630df91a
  RxAtomic: eacf60db868c96bfd63320e28619fe29c179656f
  RxCocoa: df63ebf7b9a70d6b4eeea407ed5dd4efc8979749
  RxSwift: 5976ecd04fc2fefd648827c23de5e11157faa973
  SwiftMessages: 8b3cc68dba2f1c91aac1a74c90b10287aac35371
  SwiftyUserDefaults: 3d273b1739b68ada3145dc754a70ec775bc5c8be

PODFILE CHECKSUM: 4502e050093ae9ffd58391a37b854faca86e2a12

COCOAPODS: 1.5.3
