// !$*UTF8*$!
{
	archiveVersion = 1;
	classes = {
	};
	objectVersion = 50;
	objects = {

/* Begin PBXBuildFile section */
		009D9EF974EC99A35FB72779 /* Pods_MasterProject.framework in Frameworks */ = {isa = PBXBuildFile; fileRef = 1D363F15DF6B5E615CB5B95C /* Pods_MasterProject.framework */; };
		2C3E216B31C85989137E580A /* Pods_MasterProjectUITests.framework in Frameworks */ = {isa = PBXBuildFile; fileRef = E4FD7F4D904A5BB55D1B1FC8 /* Pods_MasterProjectUITests.framework */; };
		3F7625AEAB03C5ABAAD88752 /* Pods_MasterProjectTests.framework in Frameworks */ = {isa = PBXBuildFile; fileRef = 20F5A8D99EF79238734AF7A1 /* Pods_MasterProjectTests.framework */; };
		F5440DF8221ACAD6001804BE /* Post.swift in Sources */ = {isa = PBXBuildFile; fileRef = F5440DF3221ACAD6001804BE /* Post.swift */; };
		F5440DF9221ACAD6001804BE /* Photo.swift in Sources */ = {isa = PBXBuildFile; fileRef = F5440DF4221ACAD6001804BE /* Photo.swift */; };
		F5440DFA221ACAD6001804BE /* Album.swift in Sources */ = {isa = PBXBuildFile; fileRef = F5440DF5221ACAD6001804BE /* Album.swift */; };
		F5440DFB221ACAD6001804BE /* Comment.swift in Sources */ = {isa = PBXBuildFile; fileRef = F5440DF6221ACAD6001804BE /* Comment.swift */; };
		F5440DFC221ACAD6001804BE /* Todo.swift in Sources */ = {isa = PBXBuildFile; fileRef = F5440DF7221ACAD6001804BE /* Todo.swift */; };
		F5440DFE221ACBE3001804BE /* Address.swift in Sources */ = {isa = PBXBuildFile; fileRef = F5440DFD221ACBE3001804BE /* Address.swift */; };
		F5440E00221ACBFA001804BE /* Geo.swift in Sources */ = {isa = PBXBuildFile; fileRef = F5440DFF221ACBFA001804BE /* Geo.swift */; };
		F5440E02221ACC10001804BE /* Company.swift in Sources */ = {isa = PBXBuildFile; fileRef = F5440E01221ACC10001804BE /* Company.swift */; };
		F56A135E21D9EDE9002E32E0 /* HomeController.swift in Sources */ = {isa = PBXBuildFile; fileRef = F56A135D21D9EDE9002E32E0 /* HomeController.swift */; };
		F56A136021D9EE01002E32E0 /* HomeView.swift in Sources */ = {isa = PBXBuildFile; fileRef = F56A135F21D9EE01002E32E0 /* HomeView.swift */; };
		F56A136321DA3B23002E32E0 /* RESTUtils.swift in Sources */ = {isa = PBXBuildFile; fileRef = F56A136221DA3B23002E32E0 /* RESTUtils.swift */; };
		F5F5549321D6032D00BA1FF5 /* AppDelegate.swift in Sources */ = {isa = PBXBuildFile; fileRef = F5F5549221D6032D00BA1FF5 /* AppDelegate.swift */; };
		F5F5549A21D6032E00BA1FF5 /* Assets.xcassets in Resources */ = {isa = PBXBuildFile; fileRef = F5F5549921D6032E00BA1FF5 /* Assets.xcassets */; };
		F5F554A821D6032E00BA1FF5 /* MasterProjectTests.swift in Sources */ = {isa = PBXBuildFile; fileRef = F5F554A721D6032E00BA1FF5 /* MasterProjectTests.swift */; };
		F5F554B321D6032E00BA1FF5 /* MasterProjectUITests.swift in Sources */ = {isa = PBXBuildFile; fileRef = F5F554B221D6032E00BA1FF5 /* MasterProjectUITests.swift */; };
		F5F554C821D60A0400BA1FF5 /* Launcher.swift in Sources */ = {isa = PBXBuildFile; fileRef = F5F554C721D60A0400BA1FF5 /* Launcher.swift */; };
		F5F554CB21D60AA700BA1FF5 /* Application.swift in Sources */ = {isa = PBXBuildFile; fileRef = F5F554CA21D60AA700BA1FF5 /* Application.swift */; };
		F5F554CD21D60B4000BA1FF5 /* UserDefaults.swift in Sources */ = {isa = PBXBuildFile; fileRef = F5F554CC21D60B4000BA1FF5 /* UserDefaults.swift */; };
		F5F554CF21D60C7D00BA1FF5 /* Application+Colors.swift in Sources */ = {isa = PBXBuildFile; fileRef = F5F554CE21D60C7D00BA1FF5 /* Application+Colors.swift */; };
		F5F554D121D60E8500BA1FF5 /* Application+Fonts.swift in Sources */ = {isa = PBXBuildFile; fileRef = F5F554D021D60E8500BA1FF5 /* Application+Fonts.swift */; };
		F5F554D921D60F1600BA1FF5 /* Roboto-Medium.ttf in Resources */ = {isa = PBXBuildFile; fileRef = F5F554D421D60F1600BA1FF5 /* Roboto-Medium.ttf */; };
		F5F554DA21D60F1600BA1FF5 /* Roboto-Light.ttf in Resources */ = {isa = PBXBuildFile; fileRef = F5F554D521D60F1600BA1FF5 /* Roboto-Light.ttf */; };
		F5F554DB21D60F1600BA1FF5 /* Roboto-Regular.ttf in Resources */ = {isa = PBXBuildFile; fileRef = F5F554D621D60F1600BA1FF5 /* Roboto-Regular.ttf */; };
		F5F554DC21D60F1600BA1FF5 /* Roboto-Bold.ttf in Resources */ = {isa = PBXBuildFile; fileRef = F5F554D721D60F1600BA1FF5 /* Roboto-Bold.ttf */; };
		F5F554DD21D60F1600BA1FF5 /* Roboto-Thin.ttf in Resources */ = {isa = PBXBuildFile; fileRef = F5F554D821D60F1600BA1FF5 /* Roboto-Thin.ttf */; };
		F5F554DF21D615A100BA1FF5 /* Application+Validations.swift in Sources */ = {isa = PBXBuildFile; fileRef = F5F554DE21D615A100BA1FF5 /* Application+Validations.swift */; };
		F5F554E121D6162400BA1FF5 /* Application+Configrations.swift in Sources */ = {isa = PBXBuildFile; fileRef = F5F554E021D6162400BA1FF5 /* Application+Configrations.swift */; };
		F5F554E321D62AA900BA1FF5 /* User.swift in Sources */ = {isa = PBXBuildFile; fileRef = F5F554E221D62AA900BA1FF5 /* User.swift */; };
		F5F554E821D62B5800BA1FF5 /* RESTClient.swift in Sources */ = {isa = PBXBuildFile; fileRef = F5F554E721D62B5800BA1FF5 /* RESTClient.swift */; };
		F5F554EA21D62B6100BA1FF5 /* ResponseParser.swift in Sources */ = {isa = PBXBuildFile; fileRef = F5F554E921D62B6100BA1FF5 /* ResponseParser.swift */; };
		F5F554EE21D62BDC00BA1FF5 /* UIView+Extensions.swift in Sources */ = {isa = PBXBuildFile; fileRef = F5F554ED21D62BDC00BA1FF5 /* UIView+Extensions.swift */; };
		F5F554F021D62C0800BA1FF5 /* Sequence+Extensions.swift in Sources */ = {isa = PBXBuildFile; fileRef = F5F554EF21D62C0800BA1FF5 /* Sequence+Extensions.swift */; };
		F5F554F221D62C3000BA1FF5 /* UITableView+Extensions.swift in Sources */ = {isa = PBXBuildFile; fileRef = F5F554F121D62C3000BA1FF5 /* UITableView+Extensions.swift */; };
		F5F554F421D62C6000BA1FF5 /* UICollectionView+Extensions.swift in Sources */ = {isa = PBXBuildFile; fileRef = F5F554F321D62C6000BA1FF5 /* UICollectionView+Extensions.swift */; };
		F5F554F621D62D0000BA1FF5 /* String+Extensions.swift in Sources */ = {isa = PBXBuildFile; fileRef = F5F554F521D62D0000BA1FF5 /* String+Extensions.swift */; };
		F5F554F821D62D2200BA1FF5 /* Logger.swift in Sources */ = {isa = PBXBuildFile; fileRef = F5F554F721D62D2200BA1FF5 /* Logger.swift */; };
		F5F554FA21D62D8C00BA1FF5 /* Dictionary+Extensions.swift in Sources */ = {isa = PBXBuildFile; fileRef = F5F554F921D62D8C00BA1FF5 /* Dictionary+Extensions.swift */; };
		F5F554FC21D62E3A00BA1FF5 /* Events.swift in Sources */ = {isa = PBXBuildFile; fileRef = F5F554FB21D62E3A00BA1FF5 /* Events.swift */; };
		F5F554FE21D62F9F00BA1FF5 /* RxActivity.swift in Sources */ = {isa = PBXBuildFile; fileRef = F5F554FD21D62F9F00BA1FF5 /* RxActivity.swift */; };
		F5F5550021D630AC00BA1FF5 /* ReachabilityService.swift in Sources */ = {isa = PBXBuildFile; fileRef = F5F554FF21D630AC00BA1FF5 /* ReachabilityService.swift */; };
		F5F5550221D636B700BA1FF5 /* MasterNavigationController.swift in Sources */ = {isa = PBXBuildFile; fileRef = F5F5550121D636B700BA1FF5 /* MasterNavigationController.swift */; };
		F5F5550421D636C200BA1FF5 /* MasterViewController.swift in Sources */ = {isa = PBXBuildFile; fileRef = F5F5550321D636C200BA1FF5 /* MasterViewController.swift */; };
		F5F5550621D636CA00BA1FF5 /* MasterView.swift in Sources */ = {isa = PBXBuildFile; fileRef = F5F5550521D636CA00BA1FF5 /* MasterView.swift */; };
		F5F5550821D636DA00BA1FF5 /* MasterButton.swift in Sources */ = {isa = PBXBuildFile; fileRef = F5F5550721D636DA00BA1FF5 /* MasterButton.swift */; };
		F5F5550A21D636E800BA1FF5 /* MasterLabel.swift in Sources */ = {isa = PBXBuildFile; fileRef = F5F5550921D636E800BA1FF5 /* MasterLabel.swift */; };
		F5F5550C21D636F500BA1FF5 /* MasterScrollView.swift in Sources */ = {isa = PBXBuildFile; fileRef = F5F5550B21D636F500BA1FF5 /* MasterScrollView.swift */; };
		F5F5550E21D6370300BA1FF5 /* MasterTextField.swift in Sources */ = {isa = PBXBuildFile; fileRef = F5F5550D21D6370300BA1FF5 /* MasterTextField.swift */; };
		F5F5551021D6378300BA1FF5 /* MessageManager.swift in Sources */ = {isa = PBXBuildFile; fileRef = F5F5550F21D6378300BA1FF5 /* MessageManager.swift */; };
/* End PBXBuildFile section */

/* Begin PBXContainerItemProxy section */
		F5F554A421D6032E00BA1FF5 /* PBXContainerItemProxy */ = {
			isa = PBXContainerItemProxy;
			containerPortal = F5F5548721D6032D00BA1FF5 /* Project object */;
			proxyType = 1;
			remoteGlobalIDString = F5F5548E21D6032D00BA1FF5;
			remoteInfo = MasterProject;
		};
		F5F554AF21D6032E00BA1FF5 /* PBXContainerItemProxy */ = {
			isa = PBXContainerItemProxy;
			containerPortal = F5F5548721D6032D00BA1FF5 /* Project object */;
			proxyType = 1;
			remoteGlobalIDString = F5F5548E21D6032D00BA1FF5;
			remoteInfo = MasterProject;
		};
/* End PBXContainerItemProxy section */

/* Begin PBXFileReference section */
		1D363F15DF6B5E615CB5B95C /* Pods_MasterProject.framework */ = {isa = PBXFileReference; explicitFileType = wrapper.framework; includeInIndex = 0; path = Pods_MasterProject.framework; sourceTree = BUILT_PRODUCTS_DIR; };
		20F5A8D99EF79238734AF7A1 /* Pods_MasterProjectTests.framework */ = {isa = PBXFileReference; explicitFileType = wrapper.framework; includeInIndex = 0; path = Pods_MasterProjectTests.framework; sourceTree = BUILT_PRODUCTS_DIR; };
		31FA2D01CA3CCA7AA1861291 /* Pods-MasterProject.debug.xcconfig */ = {isa = PBXFileReference; includeInIndex = 1; lastKnownFileType = text.xcconfig; name = "Pods-MasterProject.debug.xcconfig"; path = "Pods/Target Support Files/Pods-MasterProject/Pods-MasterProject.debug.xcconfig"; sourceTree = "<group>"; };
		4650E282699969F8A884AEC1 /* Pods-MasterProjectUITests.release.xcconfig */ = {isa = PBXFileReference; includeInIndex = 1; lastKnownFileType = text.xcconfig; name = "Pods-MasterProjectUITests.release.xcconfig"; path = "Pods/Target Support Files/Pods-MasterProjectUITests/Pods-MasterProjectUITests.release.xcconfig"; sourceTree = "<group>"; };
		633EB29E1B641680744666C3 /* Pods-MasterProject.release.xcconfig */ = {isa = PBXFileReference; includeInIndex = 1; lastKnownFileType = text.xcconfig; name = "Pods-MasterProject.release.xcconfig"; path = "Pods/Target Support Files/Pods-MasterProject/Pods-MasterProject.release.xcconfig"; sourceTree = "<group>"; };
		7AC16D26256A9FAC1739CCCF /* Pods-MasterProjectTests.release.xcconfig */ = {isa = PBXFileReference; includeInIndex = 1; lastKnownFileType = text.xcconfig; name = "Pods-MasterProjectTests.release.xcconfig"; path = "Pods/Target Support Files/Pods-MasterProjectTests/Pods-MasterProjectTests.release.xcconfig"; sourceTree = "<group>"; };
		A2F45DB6CB71729B80C04872 /* Pods-MasterProjectTests.debug.xcconfig */ = {isa = PBXFileReference; includeInIndex = 1; lastKnownFileType = text.xcconfig; name = "Pods-MasterProjectTests.debug.xcconfig"; path = "Pods/Target Support Files/Pods-MasterProjectTests/Pods-MasterProjectTests.debug.xcconfig"; sourceTree = "<group>"; };
		A3AD825F716EDBEBA7A78192 /* Pods-MasterProjectUITests.debug.xcconfig */ = {isa = PBXFileReference; includeInIndex = 1; lastKnownFileType = text.xcconfig; name = "Pods-MasterProjectUITests.debug.xcconfig"; path = "Pods/Target Support Files/Pods-MasterProjectUITests/Pods-MasterProjectUITests.debug.xcconfig"; sourceTree = "<group>"; };
		E4FD7F4D904A5BB55D1B1FC8 /* Pods_MasterProjectUITests.framework */ = {isa = PBXFileReference; explicitFileType = wrapper.framework; includeInIndex = 0; path = Pods_MasterProjectUITests.framework; sourceTree = BUILT_PRODUCTS_DIR; };
		F5440DF3221ACAD6001804BE /* Post.swift */ = {isa = PBXFileReference; fileEncoding = 4; lastKnownFileType = sourcecode.swift; path = Post.swift; sourceTree = "<group>"; };
		F5440DF4221ACAD6001804BE /* Photo.swift */ = {isa = PBXFileReference; fileEncoding = 4; lastKnownFileType = sourcecode.swift; path = Photo.swift; sourceTree = "<group>"; };
		F5440DF5221ACAD6001804BE /* Album.swift */ = {isa = PBXFileReference; fileEncoding = 4; lastKnownFileType = sourcecode.swift; path = Album.swift; sourceTree = "<group>"; };
		F5440DF6221ACAD6001804BE /* Comment.swift */ = {isa = PBXFileReference; fileEncoding = 4; lastKnownFileType = sourcecode.swift; path = Comment.swift; sourceTree = "<group>"; };
		F5440DF7221ACAD6001804BE /* Todo.swift */ = {isa = PBXFileReference; fileEncoding = 4; lastKnownFileType = sourcecode.swift; path = Todo.swift; sourceTree = "<group>"; };
		F5440DFD221ACBE3001804BE /* Address.swift */ = {isa = PBXFileReference; lastKnownFileType = sourcecode.swift; path = Address.swift; sourceTree = "<group>"; };
		F5440DFF221ACBFA001804BE /* Geo.swift */ = {isa = PBXFileReference; lastKnownFileType = sourcecode.swift; path = Geo.swift; sourceTree = "<group>"; };
		F5440E01221ACC10001804BE /* Company.swift */ = {isa = PBXFileReference; lastKnownFileType = sourcecode.swift; path = Company.swift; sourceTree = "<group>"; };
		F56A135D21D9EDE9002E32E0 /* HomeController.swift */ = {isa = PBXFileReference; lastKnownFileType = sourcecode.swift; path = HomeController.swift; sourceTree = "<group>"; };
		F56A135F21D9EE01002E32E0 /* HomeView.swift */ = {isa = PBXFileReference; lastKnownFileType = sourcecode.swift; path = HomeView.swift; sourceTree = "<group>"; };
		F56A136221DA3B23002E32E0 /* RESTUtils.swift */ = {isa = PBXFileReference; lastKnownFileType = sourcecode.swift; path = RESTUtils.swift; sourceTree = "<group>"; };
		F5F5548F21D6032D00BA1FF5 /* MasterProject.app */ = {isa = PBXFileReference; explicitFileType = wrapper.application; includeInIndex = 0; path = MasterProject.app; sourceTree = BUILT_PRODUCTS_DIR; };
		F5F5549221D6032D00BA1FF5 /* AppDelegate.swift */ = {isa = PBXFileReference; lastKnownFileType = sourcecode.swift; path = AppDelegate.swift; sourceTree = "<group>"; };
		F5F5549921D6032E00BA1FF5 /* Assets.xcassets */ = {isa = PBXFileReference; lastKnownFileType = folder.assetcatalog; path = Assets.xcassets; sourceTree = "<group>"; };
		F5F5549E21D6032E00BA1FF5 /* Info.plist */ = {isa = PBXFileReference; lastKnownFileType = text.plist.xml; path = Info.plist; sourceTree = "<group>"; };
		F5F554A321D6032E00BA1FF5 /* MasterProjectTests.xctest */ = {isa = PBXFileReference; explicitFileType = wrapper.cfbundle; includeInIndex = 0; path = MasterProjectTests.xctest; sourceTree = BUILT_PRODUCTS_DIR; };
		F5F554A721D6032E00BA1FF5 /* MasterProjectTests.swift */ = {isa = PBXFileReference; lastKnownFileType = sourcecode.swift; path = MasterProjectTests.swift; sourceTree = "<group>"; };
		F5F554A921D6032E00BA1FF5 /* Info.plist */ = {isa = PBXFileReference; lastKnownFileType = text.plist.xml; path = Info.plist; sourceTree = "<group>"; };
		F5F554AE21D6032E00BA1FF5 /* MasterProjectUITests.xctest */ = {isa = PBXFileReference; explicitFileType = wrapper.cfbundle; includeInIndex = 0; path = MasterProjectUITests.xctest; sourceTree = BUILT_PRODUCTS_DIR; };
		F5F554B221D6032E00BA1FF5 /* MasterProjectUITests.swift */ = {isa = PBXFileReference; lastKnownFileType = sourcecode.swift; path = MasterProjectUITests.swift; sourceTree = "<group>"; };
		F5F554B421D6032E00BA1FF5 /* Info.plist */ = {isa = PBXFileReference; lastKnownFileType = text.plist.xml; path = Info.plist; sourceTree = "<group>"; };
		F5F554C721D60A0400BA1FF5 /* Launcher.swift */ = {isa = PBXFileReference; lastKnownFileType = sourcecode.swift; path = Launcher.swift; sourceTree = "<group>"; };
		F5F554CA21D60AA700BA1FF5 /* Application.swift */ = {isa = PBXFileReference; lastKnownFileType = sourcecode.swift; path = Application.swift; sourceTree = "<group>"; };
		F5F554CC21D60B4000BA1FF5 /* UserDefaults.swift */ = {isa = PBXFileReference; lastKnownFileType = sourcecode.swift; path = UserDefaults.swift; sourceTree = "<group>"; };
		F5F554CE21D60C7D00BA1FF5 /* Application+Colors.swift */ = {isa = PBXFileReference; lastKnownFileType = sourcecode.swift; path = "Application+Colors.swift"; sourceTree = "<group>"; };
		F5F554D021D60E8500BA1FF5 /* Application+Fonts.swift */ = {isa = PBXFileReference; lastKnownFileType = sourcecode.swift; path = "Application+Fonts.swift"; sourceTree = "<group>"; };
		F5F554D421D60F1600BA1FF5 /* Roboto-Medium.ttf */ = {isa = PBXFileReference; lastKnownFileType = file; path = "Roboto-Medium.ttf"; sourceTree = "<group>"; };
		F5F554D521D60F1600BA1FF5 /* Roboto-Light.ttf */ = {isa = PBXFileReference; lastKnownFileType = file; path = "Roboto-Light.ttf"; sourceTree = "<group>"; };
		F5F554D621D60F1600BA1FF5 /* Roboto-Regular.ttf */ = {isa = PBXFileReference; lastKnownFileType = file; path = "Roboto-Regular.ttf"; sourceTree = "<group>"; };
		F5F554D721D60F1600BA1FF5 /* Roboto-Bold.ttf */ = {isa = PBXFileReference; lastKnownFileType = file; path = "Roboto-Bold.ttf"; sourceTree = "<group>"; };
		F5F554D821D60F1600BA1FF5 /* Roboto-Thin.ttf */ = {isa = PBXFileReference; lastKnownFileType = file; path = "Roboto-Thin.ttf"; sourceTree = "<group>"; };
		F5F554DE21D615A100BA1FF5 /* Application+Validations.swift */ = {isa = PBXFileReference; lastKnownFileType = sourcecode.swift; path = "Application+Validations.swift"; sourceTree = "<group>"; };
		F5F554E021D6162400BA1FF5 /* Application+Configrations.swift */ = {isa = PBXFileReference; lastKnownFileType = sourcecode.swift; path = "Application+Configrations.swift"; sourceTree = "<group>"; };
		F5F554E221D62AA900BA1FF5 /* User.swift */ = {isa = PBXFileReference; lastKnownFileType = sourcecode.swift; path = User.swift; sourceTree = "<group>"; };
		F5F554E721D62B5800BA1FF5 /* RESTClient.swift */ = {isa = PBXFileReference; lastKnownFileType = sourcecode.swift; path = RESTClient.swift; sourceTree = "<group>"; };
		F5F554E921D62B6100BA1FF5 /* ResponseParser.swift */ = {isa = PBXFileReference; lastKnownFileType = sourcecode.swift; path = ResponseParser.swift; sourceTree = "<group>"; };
		F5F554ED21D62BDC00BA1FF5 /* UIView+Extensions.swift */ = {isa = PBXFileReference; lastKnownFileType = sourcecode.swift; path = "UIView+Extensions.swift"; sourceTree = "<group>"; };
		F5F554EF21D62C0800BA1FF5 /* Sequence+Extensions.swift */ = {isa = PBXFileReference; lastKnownFileType = sourcecode.swift; path = "Sequence+Extensions.swift"; sourceTree = "<group>"; };
		F5F554F121D62C3000BA1FF5 /* UITableView+Extensions.swift */ = {isa = PBXFileReference; lastKnownFileType = sourcecode.swift; path = "UITableView+Extensions.swift"; sourceTree = "<group>"; };
		F5F554F321D62C6000BA1FF5 /* UICollectionView+Extensions.swift */ = {isa = PBXFileReference; lastKnownFileType = sourcecode.swift; path = "UICollectionView+Extensions.swift"; sourceTree = "<group>"; };
		F5F554F521D62D0000BA1FF5 /* String+Extensions.swift */ = {isa = PBXFileReference; lastKnownFileType = sourcecode.swift; path = "String+Extensions.swift"; sourceTree = "<group>"; };
		F5F554F721D62D2200BA1FF5 /* Logger.swift */ = {isa = PBXFileReference; lastKnownFileType = sourcecode.swift; path = Logger.swift; sourceTree = "<group>"; };
		F5F554F921D62D8C00BA1FF5 /* Dictionary+Extensions.swift */ = {isa = PBXFileReference; lastKnownFileType = sourcecode.swift; path = "Dictionary+Extensions.swift"; sourceTree = "<group>"; };
		F5F554FB21D62E3A00BA1FF5 /* Events.swift */ = {isa = PBXFileReference; lastKnownFileType = sourcecode.swift; path = Events.swift; sourceTree = "<group>"; };
		F5F554FD21D62F9F00BA1FF5 /* RxActivity.swift */ = {isa = PBXFileReference; lastKnownFileType = sourcecode.swift; path = RxActivity.swift; sourceTree = "<group>"; };
		F5F554FF21D630AC00BA1FF5 /* ReachabilityService.swift */ = {isa = PBXFileReference; lastKnownFileType = sourcecode.swift; path = ReachabilityService.swift; sourceTree = "<group>"; };
		F5F5550121D636B700BA1FF5 /* MasterNavigationController.swift */ = {isa = PBXFileReference; lastKnownFileType = sourcecode.swift; path = MasterNavigationController.swift; sourceTree = "<group>"; };
		F5F5550321D636C200BA1FF5 /* MasterViewController.swift */ = {isa = PBXFileReference; lastKnownFileType = sourcecode.swift; path = MasterViewController.swift; sourceTree = "<group>"; };
		F5F5550521D636CA00BA1FF5 /* MasterView.swift */ = {isa = PBXFileReference; lastKnownFileType = sourcecode.swift; path = MasterView.swift; sourceTree = "<group>"; };
		F5F5550721D636DA00BA1FF5 /* MasterButton.swift */ = {isa = PBXFileReference; lastKnownFileType = sourcecode.swift; path = MasterButton.swift; sourceTree = "<group>"; };
		F5F5550921D636E800BA1FF5 /* MasterLabel.swift */ = {isa = PBXFileReference; lastKnownFileType = sourcecode.swift; path = MasterLabel.swift; sourceTree = "<group>"; };
		F5F5550B21D636F500BA1FF5 /* MasterScrollView.swift */ = {isa = PBXFileReference; lastKnownFileType = sourcecode.swift; path = MasterScrollView.swift; sourceTree = "<group>"; };
		F5F5550D21D6370300BA1FF5 /* MasterTextField.swift */ = {isa = PBXFileReference; lastKnownFileType = sourcecode.swift; path = MasterTextField.swift; sourceTree = "<group>"; };
		F5F5550F21D6378300BA1FF5 /* MessageManager.swift */ = {isa = PBXFileReference; lastKnownFileType = sourcecode.swift; path = MessageManager.swift; sourceTree = "<group>"; };
/* End PBXFileReference section */

/* Begin PBXFrameworksBuildPhase section */
		F5F5548C21D6032D00BA1FF5 /* Frameworks */ = {
			isa = PBXFrameworksBuildPhase;
			buildActionMask = 2147483647;
			files = (
				009D9EF974EC99A35FB72779 /* Pods_MasterProject.framework in Frameworks */,
			);
			runOnlyForDeploymentPostprocessing = 0;
		};
		F5F554A021D6032E00BA1FF5 /* Frameworks */ = {
			isa = PBXFrameworksBuildPhase;
			buildActionMask = 2147483647;
			files = (
				3F7625AEAB03C5ABAAD88752 /* Pods_MasterProjectTests.framework in Frameworks */,
			);
			runOnlyForDeploymentPostprocessing = 0;
		};
		F5F554AB21D6032E00BA1FF5 /* Frameworks */ = {
			isa = PBXFrameworksBuildPhase;
			buildActionMask = 2147483647;
			files = (
				2C3E216B31C85989137E580A /* Pods_MasterProjectUITests.framework in Frameworks */,
			);
			runOnlyForDeploymentPostprocessing = 0;
		};
/* End PBXFrameworksBuildPhase section */

/* Begin PBXGroup section */
		6915AC6909C259CC58CDE505 /* Frameworks */ = {
			isa = PBXGroup;
			children = (
				1D363F15DF6B5E615CB5B95C /* Pods_MasterProject.framework */,
				20F5A8D99EF79238734AF7A1 /* Pods_MasterProjectTests.framework */,
				E4FD7F4D904A5BB55D1B1FC8 /* Pods_MasterProjectUITests.framework */,
			);
			name = Frameworks;
			sourceTree = "<group>";
		};
		B4F4B3D45F6A3072959AEA96 /* Pods */ = {
			isa = PBXGroup;
			children = (
				31FA2D01CA3CCA7AA1861291 /* Pods-MasterProject.debug.xcconfig */,
				633EB29E1B641680744666C3 /* Pods-MasterProject.release.xcconfig */,
				A2F45DB6CB71729B80C04872 /* Pods-MasterProjectTests.debug.xcconfig */,
				7AC16D26256A9FAC1739CCCF /* Pods-MasterProjectTests.release.xcconfig */,
				A3AD825F716EDBEBA7A78192 /* Pods-MasterProjectUITests.debug.xcconfig */,
				4650E282699969F8A884AEC1 /* Pods-MasterProjectUITests.release.xcconfig */,
			);
			name = Pods;
			sourceTree = "<group>";
		};
		F56A135C21D9EDD6002E32E0 /* Home */ = {
			isa = PBXGroup;
			children = (
				F56A135D21D9EDE9002E32E0 /* HomeController.swift */,
				F56A135F21D9EE01002E32E0 /* HomeView.swift */,
			);
			path = Home;
			sourceTree = "<group>";
		};
		F5F5548621D6032D00BA1FF5 = {
			isa = PBXGroup;
			children = (
				F5F5549121D6032D00BA1FF5 /* MasterProject */,
				F5F554A621D6032E00BA1FF5 /* MasterProjectTests */,
				F5F554B121D6032E00BA1FF5 /* MasterProjectUITests */,
				F5F5549021D6032D00BA1FF5 /* Products */,
				B4F4B3D45F6A3072959AEA96 /* Pods */,
				6915AC6909C259CC58CDE505 /* Frameworks */,
			);
			sourceTree = "<group>";
		};
		F5F5549021D6032D00BA1FF5 /* Products */ = {
			isa = PBXGroup;
			children = (
				F5F5548F21D6032D00BA1FF5 /* MasterProject.app */,
				F5F554A321D6032E00BA1FF5 /* MasterProjectTests.xctest */,
				F5F554AE21D6032E00BA1FF5 /* MasterProjectUITests.xctest */,
			);
			name = Products;
			sourceTree = "<group>";
		};
		F5F5549121D6032D00BA1FF5 /* MasterProject */ = {
			isa = PBXGroup;
			children = (
				F5F554C221D609C200BA1FF5 /* Controllers */,
				F5F554C421D609C200BA1FF5 /* Controls */,
				F5F554C321D609C200BA1FF5 /* Core */,
				F5F554C021D609C200BA1FF5 /* Extensions */,
				F5F554C121D609C200BA1FF5 /* Models */,
				F5F554C921D60A6F00BA1FF5 /* Resources */,
				F5F554C621D609C300BA1FF5 /* Services */,
				F5F554E421D62B1400BA1FF5 /* ServerRequests */,
				F5F554C521D609C300BA1FF5 /* Utilities */,
				F5F5549221D6032D00BA1FF5 /* AppDelegate.swift */,
				F5F554C721D60A0400BA1FF5 /* Launcher.swift */,
				F5F5549921D6032E00BA1FF5 /* Assets.xcassets */,
				F5F5549E21D6032E00BA1FF5 /* Info.plist */,
			);
			path = MasterProject;
			sourceTree = "<group>";
		};
		F5F554A621D6032E00BA1FF5 /* MasterProjectTests */ = {
			isa = PBXGroup;
			children = (
				F5F554A721D6032E00BA1FF5 /* MasterProjectTests.swift */,
				F5F554A921D6032E00BA1FF5 /* Info.plist */,
			);
			path = MasterProjectTests;
			sourceTree = "<group>";
		};
		F5F554B121D6032E00BA1FF5 /* MasterProjectUITests */ = {
			isa = PBXGroup;
			children = (
				F5F554B221D6032E00BA1FF5 /* MasterProjectUITests.swift */,
				F5F554B421D6032E00BA1FF5 /* Info.plist */,
			);
			path = MasterProjectUITests;
			sourceTree = "<group>";
		};
		F5F554C021D609C200BA1FF5 /* Extensions */ = {
			isa = PBXGroup;
			children = (
				F5F554ED21D62BDC00BA1FF5 /* UIView+Extensions.swift */,
				F5F554EF21D62C0800BA1FF5 /* Sequence+Extensions.swift */,
				F5F554F121D62C3000BA1FF5 /* UITableView+Extensions.swift */,
				F5F554F321D62C6000BA1FF5 /* UICollectionView+Extensions.swift */,
				F5F554F521D62D0000BA1FF5 /* String+Extensions.swift */,
				F5F554F921D62D8C00BA1FF5 /* Dictionary+Extensions.swift */,
			);
			path = Extensions;
			sourceTree = "<group>";
		};
		F5F554C121D609C200BA1FF5 /* Models */ = {
			isa = PBXGroup;
			children = (
				F5440DF5221ACAD6001804BE /* Album.swift */,
				F5440DF6221ACAD6001804BE /* Comment.swift */,
				F5440DF4221ACAD6001804BE /* Photo.swift */,
				F5440DF3221ACAD6001804BE /* Post.swift */,
				F5440DF7221ACAD6001804BE /* Todo.swift */,
				F5F554E221D62AA900BA1FF5 /* User.swift */,
				F5440DFD221ACBE3001804BE /* Address.swift */,
				F5440DFF221ACBFA001804BE /* Geo.swift */,
				F5440E01221ACC10001804BE /* Company.swift */,
			);
			path = Models;
			sourceTree = "<group>";
		};
		F5F554C221D609C200BA1FF5 /* Controllers */ = {
			isa = PBXGroup;
			children = (
				F56A135C21D9EDD6002E32E0 /* Home */,
			);
			path = Controllers;
			sourceTree = "<group>";
		};
		F5F554C321D609C200BA1FF5 /* Core */ = {
			isa = PBXGroup;
			children = (
				F5F5550121D636B700BA1FF5 /* MasterNavigationController.swift */,
				F5F5550321D636C200BA1FF5 /* MasterViewController.swift */,
				F5F5550521D636CA00BA1FF5 /* MasterView.swift */,
			);
			path = Core;
			sourceTree = "<group>";
		};
		F5F554C421D609C200BA1FF5 /* Controls */ = {
			isa = PBXGroup;
			children = (
				F5F5550721D636DA00BA1FF5 /* MasterButton.swift */,
				F5F5550921D636E800BA1FF5 /* MasterLabel.swift */,
				F5F5550B21D636F500BA1FF5 /* MasterScrollView.swift */,
				F5F5550D21D6370300BA1FF5 /* MasterTextField.swift */,
			);
			path = Controls;
			sourceTree = "<group>";
		};
		F5F554C521D609C300BA1FF5 /* Utilities */ = {
			isa = PBXGroup;
			children = (
				F5F554F721D62D2200BA1FF5 /* Logger.swift */,
				F5F554FB21D62E3A00BA1FF5 /* Events.swift */,
				F5F554FD21D62F9F00BA1FF5 /* RxActivity.swift */,
			);
			path = Utilities;
			sourceTree = "<group>";
		};
		F5F554C621D609C300BA1FF5 /* Services */ = {
			isa = PBXGroup;
			children = (
				F5F554CA21D60AA700BA1FF5 /* Application.swift */,
				F5F554CC21D60B4000BA1FF5 /* UserDefaults.swift */,
				F5F554FF21D630AC00BA1FF5 /* ReachabilityService.swift */,
				F5F5550F21D6378300BA1FF5 /* MessageManager.swift */,
			);
			path = Services;
			sourceTree = "<group>";
		};
		F5F554C921D60A6F00BA1FF5 /* Resources */ = {
			isa = PBXGroup;
			children = (
				F5F554D221D60F1600BA1FF5 /* Font */,
				F5F554CE21D60C7D00BA1FF5 /* Application+Colors.swift */,
				F5F554D021D60E8500BA1FF5 /* Application+Fonts.swift */,
				F5F554DE21D615A100BA1FF5 /* Application+Validations.swift */,
				F5F554E021D6162400BA1FF5 /* Application+Configrations.swift */,
			);
			path = Resources;
			sourceTree = "<group>";
		};
		F5F554D221D60F1600BA1FF5 /* Font */ = {
			isa = PBXGroup;
			children = (
				F5F554D321D60F1600BA1FF5 /* Roboto */,
			);
			path = Font;
			sourceTree = "<group>";
		};
		F5F554D321D60F1600BA1FF5 /* Roboto */ = {
			isa = PBXGroup;
			children = (
				F5F554D421D60F1600BA1FF5 /* Roboto-Medium.ttf */,
				F5F554D521D60F1600BA1FF5 /* Roboto-Light.ttf */,
				F5F554D621D60F1600BA1FF5 /* Roboto-Regular.ttf */,
				F5F554D721D60F1600BA1FF5 /* Roboto-Bold.ttf */,
				F5F554D821D60F1600BA1FF5 /* Roboto-Thin.ttf */,
			);
			path = Roboto;
			sourceTree = "<group>";
		};
		F5F554E421D62B1400BA1FF5 /* ServerRequests */ = {
			isa = PBXGroup;
			children = (
				F5F554E721D62B5800BA1FF5 /* RESTClient.swift */,
				F5F554E921D62B6100BA1FF5 /* ResponseParser.swift */,
				F56A136221DA3B23002E32E0 /* RESTUtils.swift */,
			);
			path = ServerRequests;
			sourceTree = "<group>";
		};
/* End PBXGroup section */

/* Begin PBXNativeTarget section */
		F5F5548E21D6032D00BA1FF5 /* MasterProject */ = {
			isa = PBXNativeTarget;
			buildConfigurationList = F5F554B721D6032E00BA1FF5 /* Build configuration list for PBXNativeTarget "MasterProject" */;
			buildPhases = (
				6E0285E2DE979177C9BCA426 /* [CP] Check Pods Manifest.lock */,
				F5F5548B21D6032D00BA1FF5 /* Sources */,
				F5F5548C21D6032D00BA1FF5 /* Frameworks */,
				F5F5548D21D6032D00BA1FF5 /* Resources */,
				FB66106E17C003CF5F7155C3 /* [CP] Embed Pods Frameworks */,
				F56A136121D9F2BB002E32E0 /* Swift Lint */,
			);
			buildRules = (
			);
			dependencies = (
			);
			name = MasterProject;
			productName = MasterProject;
			productReference = F5F5548F21D6032D00BA1FF5 /* MasterProject.app */;
			productType = "com.apple.product-type.application";
		};
		F5F554A221D6032E00BA1FF5 /* MasterProjectTests */ = {
			isa = PBXNativeTarget;
			buildConfigurationList = F5F554BA21D6032E00BA1FF5 /* Build configuration list for PBXNativeTarget "MasterProjectTests" */;
			buildPhases = (
				735C0A8A4B2F1C0933499ACF /* [CP] Check Pods Manifest.lock */,
				F5F5549F21D6032E00BA1FF5 /* Sources */,
				F5F554A021D6032E00BA1FF5 /* Frameworks */,
				F5F554A121D6032E00BA1FF5 /* Resources */,
			);
			buildRules = (
			);
			dependencies = (
				F5F554A521D6032E00BA1FF5 /* PBXTargetDependency */,
			);
			name = MasterProjectTests;
			productName = MasterProjectTests;
			productReference = F5F554A321D6032E00BA1FF5 /* MasterProjectTests.xctest */;
			productType = "com.apple.product-type.bundle.unit-test";
		};
		F5F554AD21D6032E00BA1FF5 /* MasterProjectUITests */ = {
			isa = PBXNativeTarget;
			buildConfigurationList = F5F554BD21D6032E00BA1FF5 /* Build configuration list for PBXNativeTarget "MasterProjectUITests" */;
			buildPhases = (
				2895D6687E0A7A2F2720A605 /* [CP] Check Pods Manifest.lock */,
				F5F554AA21D6032E00BA1FF5 /* Sources */,
				F5F554AB21D6032E00BA1FF5 /* Frameworks */,
				F5F554AC21D6032E00BA1FF5 /* Resources */,
			);
			buildRules = (
			);
			dependencies = (
				F5F554B021D6032E00BA1FF5 /* PBXTargetDependency */,
			);
			name = MasterProjectUITests;
			productName = MasterProjectUITests;
			productReference = F5F554AE21D6032E00BA1FF5 /* MasterProjectUITests.xctest */;
			productType = "com.apple.product-type.bundle.ui-testing";
		};
/* End PBXNativeTarget section */

/* Begin PBXProject section */
		F5F5548721D6032D00BA1FF5 /* Project object */ = {
			isa = PBXProject;
			attributes = {
				LastSwiftUpdateCheck = 1010;
				LastUpgradeCheck = 1010;
				ORGANIZATIONNAME = "Satish Babariya";
				TargetAttributes = {
					F5F5548E21D6032D00BA1FF5 = {
						CreatedOnToolsVersion = 10.1;
					};
					F5F554A221D6032E00BA1FF5 = {
						CreatedOnToolsVersion = 10.1;
						TestTargetID = F5F5548E21D6032D00BA1FF5;
					};
					F5F554AD21D6032E00BA1FF5 = {
						CreatedOnToolsVersion = 10.1;
						TestTargetID = F5F5548E21D6032D00BA1FF5;
					};
				};
			};
			buildConfigurationList = F5F5548A21D6032D00BA1FF5 /* Build configuration list for PBXProject "MasterProject" */;
			compatibilityVersion = "Xcode 9.3";
			developmentRegion = en;
			hasScannedForEncodings = 0;
			knownRegions = (
				en,
				Base,
			);
			mainGroup = F5F5548621D6032D00BA1FF5;
			productRefGroup = F5F5549021D6032D00BA1FF5 /* Products */;
			projectDirPath = "";
			projectRoot = "";
			targets = (
				F5F5548E21D6032D00BA1FF5 /* MasterProject */,
				F5F554A221D6032E00BA1FF5 /* MasterProjectTests */,
				F5F554AD21D6032E00BA1FF5 /* MasterProjectUITests */,
			);
		};
/* End PBXProject section */

/* Begin PBXResourcesBuildPhase section */
		F5F5548D21D6032D00BA1FF5 /* Resources */ = {
			isa = PBXResourcesBuildPhase;
			buildActionMask = 2147483647;
			files = (
				F5F554D921D60F1600BA1FF5 /* Roboto-Medium.ttf in Resources */,
				F5F5549A21D6032E00BA1FF5 /* Assets.xcassets in Resources */,
				F5F554DD21D60F1600BA1FF5 /* Roboto-Thin.ttf in Resources */,
				F5F554DC21D60F1600BA1FF5 /* Roboto-Bold.ttf in Resources */,
				F5F554DB21D60F1600BA1FF5 /* Roboto-Regular.ttf in Resources */,
				F5F554DA21D60F1600BA1FF5 /* Roboto-Light.ttf in Resources */,
			);
			runOnlyForDeploymentPostprocessing = 0;
		};
		F5F554A121D6032E00BA1FF5 /* Resources */ = {
			isa = PBXResourcesBuildPhase;
			buildActionMask = 2147483647;
			files = (
			);
			runOnlyForDeploymentPostprocessing = 0;
		};
		F5F554AC21D6032E00BA1FF5 /* Resources */ = {
			isa = PBXResourcesBuildPhase;
			buildActionMask = 2147483647;
			files = (
			);
			runOnlyForDeploymentPostprocessing = 0;
		};
/* End PBXResourcesBuildPhase section */

/* Begin PBXShellScriptBuildPhase section */
		2895D6687E0A7A2F2720A605 /* [CP] Check Pods Manifest.lock */ = {
			isa = PBXShellScriptBuildPhase;
			buildActionMask = 2147483647;
			files = (
			);
			inputFileListPaths = (
			);
			inputPaths = (
				"${PODS_PODFILE_DIR_PATH}/Podfile.lock",
				"${PODS_ROOT}/Manifest.lock",
			);
			name = "[CP] Check Pods Manifest.lock";
			outputFileListPaths = (
			);
			outputPaths = (
				"$(DERIVED_FILE_DIR)/Pods-MasterProjectUITests-checkManifestLockResult.txt",
			);
			runOnlyForDeploymentPostprocessing = 0;
			shellPath = /bin/sh;
			shellScript = "diff \"${PODS_PODFILE_DIR_PATH}/Podfile.lock\" \"${PODS_ROOT}/Manifest.lock\" > /dev/null\nif [ $? != 0 ] ; then\n    # print error to STDERR\n    echo \"error: The sandbox is not in sync with the Podfile.lock. Run 'pod install' or update your CocoaPods installation.\" >&2\n    exit 1\nfi\n# This output is used by Xcode 'outputs' to avoid re-running this script phase.\necho \"SUCCESS\" > \"${SCRIPT_OUTPUT_FILE_0}\"\n";
			showEnvVarsInLog = 0;
		};
		6E0285E2DE979177C9BCA426 /* [CP] Check Pods Manifest.lock */ = {
			isa = PBXShellScriptBuildPhase;
			buildActionMask = 2147483647;
			files = (
			);
			inputFileListPaths = (
			);
			inputPaths = (
				"${PODS_PODFILE_DIR_PATH}/Podfile.lock",
				"${PODS_ROOT}/Manifest.lock",
			);
			name = "[CP] Check Pods Manifest.lock";
			outputFileListPaths = (
			);
			outputPaths = (
				"$(DERIVED_FILE_DIR)/Pods-MasterProject-checkManifestLockResult.txt",
			);
			runOnlyForDeploymentPostprocessing = 0;
			shellPath = /bin/sh;
			shellScript = "diff \"${PODS_PODFILE_DIR_PATH}/Podfile.lock\" \"${PODS_ROOT}/Manifest.lock\" > /dev/null\nif [ $? != 0 ] ; then\n    # print error to STDERR\n    echo \"error: The sandbox is not in sync with the Podfile.lock. Run 'pod install' or update your CocoaPods installation.\" >&2\n    exit 1\nfi\n# This output is used by Xcode 'outputs' to avoid re-running this script phase.\necho \"SUCCESS\" > \"${SCRIPT_OUTPUT_FILE_0}\"\n";
			showEnvVarsInLog = 0;
		};
		735C0A8A4B2F1C0933499ACF /* [CP] Check Pods Manifest.lock */ = {
			isa = PBXShellScriptBuildPhase;
			buildActionMask = 2147483647;
			files = (
			);
			inputFileListPaths = (
			);
			inputPaths = (
				"${PODS_PODFILE_DIR_PATH}/Podfile.lock",
				"${PODS_ROOT}/Manifest.lock",
			);
			name = "[CP] Check Pods Manifest.lock";
			outputFileListPaths = (
			);
			outputPaths = (
				"$(DERIVED_FILE_DIR)/Pods-MasterProjectTests-checkManifestLockResult.txt",
			);
			runOnlyForDeploymentPostprocessing = 0;
			shellPath = /bin/sh;
			shellScript = "diff \"${PODS_PODFILE_DIR_PATH}/Podfile.lock\" \"${PODS_ROOT}/Manifest.lock\" > /dev/null\nif [ $? != 0 ] ; then\n    # print error to STDERR\n    echo \"error: The sandbox is not in sync with the Podfile.lock. Run 'pod install' or update your CocoaPods installation.\" >&2\n    exit 1\nfi\n# This output is used by Xcode 'outputs' to avoid re-running this script phase.\necho \"SUCCESS\" > \"${SCRIPT_OUTPUT_FILE_0}\"\n";
			showEnvVarsInLog = 0;
		};
		F56A136121D9F2BB002E32E0 /* Swift Lint */ = {
			isa = PBXShellScriptBuildPhase;
			buildActionMask = 2147483647;
			files = (
			);
			inputFileListPaths = (
			);
			inputPaths = (
			);
			name = "Swift Lint";
			outputFileListPaths = (
			);
			outputPaths = (
			);
			runOnlyForDeploymentPostprocessing = 0;
			shellPath = /bin/sh;
			shellScript = "if which swiftlint >/dev/null; then\nswiftlint\nelse\necho \"warning: SwiftLint not installed, download from https://github.com/realm/SwiftLint\"\nfi\n";
		};
		FB66106E17C003CF5F7155C3 /* [CP] Embed Pods Frameworks */ = {
			isa = PBXShellScriptBuildPhase;
			buildActionMask = 2147483647;
			files = (
			);
			inputFileListPaths = (
			);
			inputPaths = (
				"${SRCROOT}/Pods/Target Support Files/Pods-MasterProject/Pods-MasterProject-frameworks.sh",
				"${BUILT_PRODUCTS_DIR}/Alamofire/Alamofire.framework",
				"${BUILT_PRODUCTS_DIR}/AsyncSwift/Async.framework",
				"${BUILT_PRODUCTS_DIR}/Closures/Closures.framework",
				"${BUILT_PRODUCTS_DIR}/Dwifft/Dwifft.framework",
				"${BUILT_PRODUCTS_DIR}/IQKeyboardManager/IQKeyboardManager.framework",
				"${BUILT_PRODUCTS_DIR}/Material/Material.framework",
				"${BUILT_PRODUCTS_DIR}/Motion/Motion.framework",
				"${BUILT_PRODUCTS_DIR}/NVActivityIndicatorView/NVActivityIndicatorView.framework",
				"${BUILT_PRODUCTS_DIR}/ReachabilitySwift/Reachability.framework",
				"${BUILT_PRODUCTS_DIR}/RxAtomic/RxAtomic.framework",
				"${BUILT_PRODUCTS_DIR}/RxCocoa/RxCocoa.framework",
				"${BUILT_PRODUCTS_DIR}/RxSwift/RxSwift.framework",
				"${BUILT_PRODUCTS_DIR}/SwiftMessages/SwiftMessages.framework",
				"${BUILT_PRODUCTS_DIR}/SwiftyUserDefaults/SwiftyUserDefaults.framework",
			);
			name = "[CP] Embed Pods Frameworks";
			outputFileListPaths = (
			);
			outputPaths = (
				"${TARGET_BUILD_DIR}/${FRAMEWORKS_FOLDER_PATH}/Alamofire.framework",
				"${TARGET_BUILD_DIR}/${FRAMEWORKS_FOLDER_PATH}/Async.framework",
				"${TARGET_BUILD_DIR}/${FRAMEWORKS_FOLDER_PATH}/Closures.framework",
				"${TARGET_BUILD_DIR}/${FRAMEWORKS_FOLDER_PATH}/Dwifft.framework",
				"${TARGET_BUILD_DIR}/${FRAMEWORKS_FOLDER_PATH}/IQKeyboardManager.framework",
				"${TARGET_BUILD_DIR}/${FRAMEWORKS_FOLDER_PATH}/Material.framework",
				"${TARGET_BUILD_DIR}/${FRAMEWORKS_FOLDER_PATH}/Motion.framework",
				"${TARGET_BUILD_DIR}/${FRAMEWORKS_FOLDER_PATH}/NVActivityIndicatorView.framework",
				"${TARGET_BUILD_DIR}/${FRAMEWORKS_FOLDER_PATH}/Reachability.framework",
				"${TARGET_BUILD_DIR}/${FRAMEWORKS_FOLDER_PATH}/RxAtomic.framework",
				"${TARGET_BUILD_DIR}/${FRAMEWORKS_FOLDER_PATH}/RxCocoa.framework",
				"${TARGET_BUILD_DIR}/${FRAMEWORKS_FOLDER_PATH}/RxSwift.framework",
				"${TARGET_BUILD_DIR}/${FRAMEWORKS_FOLDER_PATH}/SwiftMessages.framework",
				"${TARGET_BUILD_DIR}/${FRAMEWORKS_FOLDER_PATH}/SwiftyUserDefaults.framework",
			);
			runOnlyForDeploymentPostprocessing = 0;
			shellPath = /bin/sh;
			shellScript = "\"${SRCROOT}/Pods/Target Support Files/Pods-MasterProject/Pods-MasterProject-frameworks.sh\"\n";
			showEnvVarsInLog = 0;
		};
/* End PBXShellScriptBuildPhase section */

/* Begin PBXSourcesBuildPhase section */
		F5F5548B21D6032D00BA1FF5 /* Sources */ = {
			isa = PBXSourcesBuildPhase;
			buildActionMask = 2147483647;
			files = (
				F5F554F221D62C3000BA1FF5 /* UITableView+Extensions.swift in Sources */,
				F5F554DF21D615A100BA1FF5 /* Application+Validations.swift in Sources */,
				F5F554F021D62C0800BA1FF5 /* Sequence+Extensions.swift in Sources */,
				F5F554FC21D62E3A00BA1FF5 /* Events.swift in Sources */,
				F5F554F421D62C6000BA1FF5 /* UICollectionView+Extensions.swift in Sources */,
				F5440DFC221ACAD6001804BE /* Todo.swift in Sources */,
				F5F554CD21D60B4000BA1FF5 /* UserDefaults.swift in Sources */,
				F5F554D121D60E8500BA1FF5 /* Application+Fonts.swift in Sources */,
				F5440DFB221ACAD6001804BE /* Comment.swift in Sources */,
				F5F5550421D636C200BA1FF5 /* MasterViewController.swift in Sources */,
				F5F5550221D636B700BA1FF5 /* MasterNavigationController.swift in Sources */,
				F5F554CB21D60AA700BA1FF5 /* Application.swift in Sources */,
				F5440DF9221ACAD6001804BE /* Photo.swift in Sources */,
				F5F5550821D636DA00BA1FF5 /* MasterButton.swift in Sources */,
				F5F554FA21D62D8C00BA1FF5 /* Dictionary+Extensions.swift in Sources */,
				F5440DF8221ACAD6001804BE /* Post.swift in Sources */,
				F56A136021D9EE01002E32E0 /* HomeView.swift in Sources */,
				F5440E00221ACBFA001804BE /* Geo.swift in Sources */,
				F5F554EE21D62BDC00BA1FF5 /* UIView+Extensions.swift in Sources */,
				F5F5549321D6032D00BA1FF5 /* AppDelegate.swift in Sources */,
				F5F554E321D62AA900BA1FF5 /* User.swift in Sources */,
				F5F5550A21D636E800BA1FF5 /* MasterLabel.swift in Sources */,
				F5440DFA221ACAD6001804BE /* Album.swift in Sources */,
				F5440E02221ACC10001804BE /* Company.swift in Sources */,
				F56A135E21D9EDE9002E32E0 /* HomeController.swift in Sources */,
				F5F554CF21D60C7D00BA1FF5 /* Application+Colors.swift in Sources */,
				F5440DFE221ACBE3001804BE /* Address.swift in Sources */,
				F5F554F621D62D0000BA1FF5 /* String+Extensions.swift in Sources */,
				F5F554FE21D62F9F00BA1FF5 /* RxActivity.swift in Sources */,
				F5F554F821D62D2200BA1FF5 /* Logger.swift in Sources */,
				F5F554C821D60A0400BA1FF5 /* Launcher.swift in Sources */,
				F5F554E821D62B5800BA1FF5 /* RESTClient.swift in Sources */,
				F5F554E121D6162400BA1FF5 /* Application+Configrations.swift in Sources */,
				F56A136321DA3B23002E32E0 /* RESTUtils.swift in Sources */,
				F5F5550021D630AC00BA1FF5 /* ReachabilityService.swift in Sources */,
				F5F5550621D636CA00BA1FF5 /* MasterView.swift in Sources */,
				F5F554EA21D62B6100BA1FF5 /* ResponseParser.swift in Sources */,
				F5F5551021D6378300BA1FF5 /* MessageManager.swift in Sources */,
				F5F5550C21D636F500BA1FF5 /* MasterScrollView.swift in Sources */,
				F5F5550E21D6370300BA1FF5 /* MasterTextField.swift in Sources */,
			);
			runOnlyForDeploymentPostprocessing = 0;
		};
		F5F5549F21D6032E00BA1FF5 /* Sources */ = {
			isa = PBXSourcesBuildPhase;
			buildActionMask = 2147483647;
			files = (
				F5F554A821D6032E00BA1FF5 /* MasterProjectTests.swift in Sources */,
			);
			runOnlyForDeploymentPostprocessing = 0;
		};
		F5F554AA21D6032E00BA1FF5 /* Sources */ = {
			isa = PBXSourcesBuildPhase;
			buildActionMask = 2147483647;
			files = (
				F5F554B321D6032E00BA1FF5 /* MasterProjectUITests.swift in Sources */,
			);
			runOnlyForDeploymentPostprocessing = 0;
		};
/* End PBXSourcesBuildPhase section */

/* Begin PBXTargetDependency section */
		F5F554A521D6032E00BA1FF5 /* PBXTargetDependency */ = {
			isa = PBXTargetDependency;
			target = F5F5548E21D6032D00BA1FF5 /* MasterProject */;
			targetProxy = F5F554A421D6032E00BA1FF5 /* PBXContainerItemProxy */;
		};
		F5F554B021D6032E00BA1FF5 /* PBXTargetDependency */ = {
			isa = PBXTargetDependency;
			target = F5F5548E21D6032D00BA1FF5 /* MasterProject */;
			targetProxy = F5F554AF21D6032E00BA1FF5 /* PBXContainerItemProxy */;
		};
/* End PBXTargetDependency section */

/* Begin XCBuildConfiguration section */
		F5F554B521D6032E00BA1FF5 /* Debug */ = {
			isa = XCBuildConfiguration;
			buildSettings = {
				ALWAYS_SEARCH_USER_PATHS = NO;
				CLANG_ANALYZER_NONNULL = YES;
				CLANG_ANALYZER_NUMBER_OBJECT_CONVERSION = YES_AGGRESSIVE;
				CLANG_CXX_LANGUAGE_STANDARD = "gnu++14";
				CLANG_CXX_LIBRARY = "libc++";
				CLANG_ENABLE_MODULES = YES;
				CLANG_ENABLE_OBJC_ARC = YES;
				CLANG_ENABLE_OBJC_WEAK = YES;
				CLANG_WARN_BLOCK_CAPTURE_AUTORELEASING = YES;
				CLANG_WARN_BOOL_CONVERSION = YES;
				CLANG_WARN_COMMA = YES;
				CLANG_WARN_CONSTANT_CONVERSION = YES;
				CLANG_WARN_DEPRECATED_OBJC_IMPLEMENTATIONS = YES;
				CLANG_WARN_DIRECT_OBJC_ISA_USAGE = YES_ERROR;
				CLANG_WARN_DOCUMENTATION_COMMENTS = YES;
				CLANG_WARN_EMPTY_BODY = YES;
				CLANG_WARN_ENUM_CONVERSION = YES;
				CLANG_WARN_INFINITE_RECURSION = YES;
				CLANG_WARN_INT_CONVERSION = YES;
				CLANG_WARN_NON_LITERAL_NULL_CONVERSION = YES;
				CLANG_WARN_OBJC_IMPLICIT_RETAIN_SELF = YES;
				CLANG_WARN_OBJC_LITERAL_CONVERSION = YES;
				CLANG_WARN_OBJC_ROOT_CLASS = YES_ERROR;
				CLANG_WARN_RANGE_LOOP_ANALYSIS = YES;
				CLANG_WARN_STRICT_PROTOTYPES = YES;
				CLANG_WARN_SUSPICIOUS_MOVE = YES;
				CLANG_WARN_UNGUARDED_AVAILABILITY = YES_AGGRESSIVE;
				CLANG_WARN_UNREACHABLE_CODE = YES;
				CLANG_WARN__DUPLICATE_METHOD_MATCH = YES;
				CODE_SIGN_IDENTITY = "iPhone Developer";
				COPY_PHASE_STRIP = NO;
				DEBUG_INFORMATION_FORMAT = dwarf;
				ENABLE_STRICT_OBJC_MSGSEND = YES;
				ENABLE_TESTABILITY = YES;
				GCC_C_LANGUAGE_STANDARD = gnu11;
				GCC_DYNAMIC_NO_PIC = NO;
				GCC_NO_COMMON_BLOCKS = YES;
				GCC_OPTIMIZATION_LEVEL = 0;
				GCC_PREPROCESSOR_DEFINITIONS = (
					"DEBUG=1",
					"$(inherited)",
				);
				GCC_WARN_64_TO_32_BIT_CONVERSION = YES;
				GCC_WARN_ABOUT_RETURN_TYPE = YES_ERROR;
				GCC_WARN_UNDECLARED_SELECTOR = YES;
				GCC_WARN_UNINITIALIZED_AUTOS = YES_AGGRESSIVE;
				GCC_WARN_UNUSED_FUNCTION = YES;
				GCC_WARN_UNUSED_VARIABLE = YES;
				IPHONEOS_DEPLOYMENT_TARGET = 12.1;
				MTL_ENABLE_DEBUG_INFO = INCLUDE_SOURCE;
				MTL_FAST_MATH = YES;
				ONLY_ACTIVE_ARCH = YES;
				SDKROOT = iphoneos;
				SWIFT_ACTIVE_COMPILATION_CONDITIONS = DEBUG;
				SWIFT_OPTIMIZATION_LEVEL = "-Onone";
			};
			name = Debug;
		};
		F5F554B621D6032E00BA1FF5 /* Release */ = {
			isa = XCBuildConfiguration;
			buildSettings = {
				ALWAYS_SEARCH_USER_PATHS = NO;
				CLANG_ANALYZER_NONNULL = YES;
				CLANG_ANALYZER_NUMBER_OBJECT_CONVERSION = YES_AGGRESSIVE;
				CLANG_CXX_LANGUAGE_STANDARD = "gnu++14";
				CLANG_CXX_LIBRARY = "libc++";
				CLANG_ENABLE_MODULES = YES;
				CLANG_ENABLE_OBJC_ARC = YES;
				CLANG_ENABLE_OBJC_WEAK = YES;
				CLANG_WARN_BLOCK_CAPTURE_AUTORELEASING = YES;
				CLANG_WARN_BOOL_CONVERSION = YES;
				CLANG_WARN_COMMA = YES;
				CLANG_WARN_CONSTANT_CONVERSION = YES;
				CLANG_WARN_DEPRECATED_OBJC_IMPLEMENTATIONS = YES;
				CLANG_WARN_DIRECT_OBJC_ISA_USAGE = YES_ERROR;
				CLANG_WARN_DOCUMENTATION_COMMENTS = YES;
				CLANG_WARN_EMPTY_BODY = YES;
				CLANG_WARN_ENUM_CONVERSION = YES;
				CLANG_WARN_INFINITE_RECURSION = YES;
				CLANG_WARN_INT_CONVERSION = YES;
				CLANG_WARN_NON_LITERAL_NULL_CONVERSION = YES;
				CLANG_WARN_OBJC_IMPLICIT_RETAIN_SELF = YES;
				CLANG_WARN_OBJC_LITERAL_CONVERSION = YES;
				CLANG_WARN_OBJC_ROOT_CLASS = YES_ERROR;
				CLANG_WARN_RANGE_LOOP_ANALYSIS = YES;
				CLANG_WARN_STRICT_PROTOTYPES = YES;
				CLANG_WARN_SUSPICIOUS_MOVE = YES;
				CLANG_WARN_UNGUARDED_AVAILABILITY = YES_AGGRESSIVE;
				CLANG_WARN_UNREACHABLE_CODE = YES;
				CLANG_WARN__DUPLICATE_METHOD_MATCH = YES;
				CODE_SIGN_IDENTITY = "iPhone Developer";
				COPY_PHASE_STRIP = NO;
				DEBUG_INFORMATION_FORMAT = "dwarf-with-dsym";
				ENABLE_NS_ASSERTIONS = NO;
				ENABLE_STRICT_OBJC_MSGSEND = YES;
				GCC_C_LANGUAGE_STANDARD = gnu11;
				GCC_NO_COMMON_BLOCKS = YES;
				GCC_WARN_64_TO_32_BIT_CONVERSION = YES;
				GCC_WARN_ABOUT_RETURN_TYPE = YES_ERROR;
				GCC_WARN_UNDECLARED_SELECTOR = YES;
				GCC_WARN_UNINITIALIZED_AUTOS = YES_AGGRESSIVE;
				GCC_WARN_UNUSED_FUNCTION = YES;
				GCC_WARN_UNUSED_VARIABLE = YES;
				IPHONEOS_DEPLOYMENT_TARGET = 12.1;
				MTL_ENABLE_DEBUG_INFO = NO;
				MTL_FAST_MATH = YES;
				SDKROOT = iphoneos;
				SWIFT_COMPILATION_MODE = wholemodule;
				SWIFT_OPTIMIZATION_LEVEL = "-O";
				VALIDATE_PRODUCT = YES;
			};
			name = Release;
		};
		F5F554B821D6032E00BA1FF5 /* Debug */ = {
			isa = XCBuildConfiguration;
			baseConfigurationReference = 31FA2D01CA3CCA7AA1861291 /* Pods-MasterProject.debug.xcconfig */;
			buildSettings = {
				ASSETCATALOG_COMPILER_APPICON_NAME = AppIcon;
				ASSETCATALOG_COMPILER_LAUNCHIMAGE_NAME = LaunchImage;
				CODE_SIGN_STYLE = Manual;
				DEVELOPMENT_TEAM = "";
				INFOPLIST_FILE = MasterProject/Info.plist;
				IPHONEOS_DEPLOYMENT_TARGET = 11.0;
				LD_RUNPATH_SEARCH_PATHS = (
					"$(inherited)",
					"@executable_path/Frameworks",
				);
				PRODUCT_BUNDLE_IDENTIFIER = com.satish.masterproject;
				PRODUCT_NAME = "$(TARGET_NAME)";
				PROVISIONING_PROFILE_SPECIFIER = "";
				SWIFT_VERSION = 4.2;
				TARGETED_DEVICE_FAMILY = "1,2";
			};
			name = Debug;
		};
		F5F554B921D6032E00BA1FF5 /* Release */ = {
			isa = XCBuildConfiguration;
			baseConfigurationReference = 633EB29E1B641680744666C3 /* Pods-MasterProject.release.xcconfig */;
			buildSettings = {
				ASSETCATALOG_COMPILER_APPICON_NAME = AppIcon;
				ASSETCATALOG_COMPILER_LAUNCHIMAGE_NAME = LaunchImage;
				CODE_SIGN_STYLE = Manual;
				DEVELOPMENT_TEAM = "";
				INFOPLIST_FILE = MasterProject/Info.plist;
				IPHONEOS_DEPLOYMENT_TARGET = 11.0;
				LD_RUNPATH_SEARCH_PATHS = (
					"$(inherited)",
					"@executable_path/Frameworks",
				);
				PRODUCT_BUNDLE_IDENTIFIER = com.satish.masterproject;
				PRODUCT_NAME = "$(TARGET_NAME)";
				PROVISIONING_PROFILE_SPECIFIER = "";
				SWIFT_VERSION = 4.2;
				TARGETED_DEVICE_FAMILY = "1,2";
			};
			name = Release;
		};
		F5F554BB21D6032E00BA1FF5 /* Debug */ = {
			isa = XCBuildConfiguration;
			baseConfigurationReference = A2F45DB6CB71729B80C04872 /* Pods-MasterProjectTests.debug.xcconfig */;
			buildSettings = {
				ALWAYS_EMBED_SWIFT_STANDARD_LIBRARIES = YES;
				BUNDLE_LOADER = "$(TEST_HOST)";
				CODE_SIGN_STYLE = Automatic;
				INFOPLIST_FILE = MasterProjectTests/Info.plist;
				LD_RUNPATH_SEARCH_PATHS = (
					"$(inherited)",
					"@executable_path/Frameworks",
					"@loader_path/Frameworks",
				);
				PRODUCT_BUNDLE_IDENTIFIER = com.satish.MasterProjectTests;
				PRODUCT_NAME = "$(TARGET_NAME)";
				SWIFT_VERSION = 4.2;
				TARGETED_DEVICE_FAMILY = "1,2";
				TEST_HOST = "$(BUILT_PRODUCTS_DIR)/MasterProject.app/MasterProject";
			};
			name = Debug;
		};
		F5F554BC21D6032E00BA1FF5 /* Release */ = {
			isa = XCBuildConfiguration;
			baseConfigurationReference = 7AC16D26256A9FAC1739CCCF /* Pods-MasterProjectTests.release.xcconfig */;
			buildSettings = {
				ALWAYS_EMBED_SWIFT_STANDARD_LIBRARIES = YES;
				BUNDLE_LOADER = "$(TEST_HOST)";
				CODE_SIGN_STYLE = Automatic;
				INFOPLIST_FILE = MasterProjectTests/Info.plist;
				LD_RUNPATH_SEARCH_PATHS = (
					"$(inherited)",
					"@executable_path/Frameworks",
					"@loader_path/Frameworks",
				);
				PRODUCT_BUNDLE_IDENTIFIER = com.satish.MasterProjectTests;
				PRODUCT_NAME = "$(TARGET_NAME)";
				SWIFT_VERSION = 4.2;
				TARGETED_DEVICE_FAMILY = "1,2";
				TEST_HOST = "$(BUILT_PRODUCTS_DIR)/MasterProject.app/MasterProject";
			};
			name = Release;
		};
		F5F554BE21D6032E00BA1FF5 /* Debug */ = {
			isa = XCBuildConfiguration;
			baseConfigurationReference = A3AD825F716EDBEBA7A78192 /* Pods-MasterProjectUITests.debug.xcconfig */;
			buildSettings = {
				ALWAYS_EMBED_SWIFT_STANDARD_LIBRARIES = YES;
				CODE_SIGN_STYLE = Automatic;
				INFOPLIST_FILE = MasterProjectUITests/Info.plist;
				LD_RUNPATH_SEARCH_PATHS = (
					"$(inherited)",
					"@executable_path/Frameworks",
					"@loader_path/Frameworks",
				);
				PRODUCT_BUNDLE_IDENTIFIER = com.satish.MasterProjectUITests;
				PRODUCT_NAME = "$(TARGET_NAME)";
				SWIFT_VERSION = 4.2;
				TARGETED_DEVICE_FAMILY = "1,2";
				TEST_TARGET_NAME = MasterProject;
			};
			name = Debug;
		};
		F5F554BF21D6032E00BA1FF5 /* Release */ = {
			isa = XCBuildConfiguration;
			baseConfigurationReference = 4650E282699969F8A884AEC1 /* Pods-MasterProjectUITests.release.xcconfig */;
			buildSettings = {
				ALWAYS_EMBED_SWIFT_STANDARD_LIBRARIES = YES;
				CODE_SIGN_STYLE = Automatic;
				INFOPLIST_FILE = MasterProjectUITests/Info.plist;
				LD_RUNPATH_SEARCH_PATHS = (
					"$(inherited)",
					"@executable_path/Frameworks",
					"@loader_path/Frameworks",
				);
				PRODUCT_BUNDLE_IDENTIFIER = com.satish.MasterProjectUITests;
				PRODUCT_NAME = "$(TARGET_NAME)";
				SWIFT_VERSION = 4.2;
				TARGETED_DEVICE_FAMILY = "1,2";
				TEST_TARGET_NAME = MasterProject;
			};
			name = Release;
		};
/* End XCBuildConfiguration section */

/* Begin XCConfigurationList section */
		F5F5548A21D6032D00BA1FF5 /* Build configuration list for PBXProject "MasterProject" */ = {
			isa = XCConfigurationList;
			buildConfigurations = (
				F5F554B521D6032E00BA1FF5 /* Debug */,
				F5F554B621D6032E00BA1FF5 /* Release */,
			);
			defaultConfigurationIsVisible = 0;
			defaultConfigurationName = Release;
		};
		F5F554B721D6032E00BA1FF5 /* Build configuration list for PBXNativeTarget "MasterProject" */ = {
			isa = XCConfigurationList;
			buildConfigurations = (
				F5F554B821D6032E00BA1FF5 /* Debug */,
				F5F554B921D6032E00BA1FF5 /* Release */,
			);
			defaultConfigurationIsVisible = 0;
			defaultConfigurationName = Release;
		};
		F5F554BA21D6032E00BA1FF5 /* Build configuration list for PBXNativeTarget "MasterProjectTests" */ = {
			isa = XCConfigurationList;
			buildConfigurations = (
				F5F554BB21D6032E00BA1FF5 /* Debug */,
				F5F554BC21D6032E00BA1FF5 /* Release */,
			);
			defaultConfigurationIsVisible = 0;
			defaultConfigurationName = Release;
		};
		F5F554BD21D6032E00BA1FF5 /* Build configuration list for PBXNativeTarget "MasterProjectUITests" */ = {
			isa = XCConfigurationList;
			buildConfigurations = (
				F5F554BE21D6032E00BA1FF5 /* Debug */,
				F5F554BF21D6032E00BA1FF5 /* Release */,
			);
			defaultConfigurationIsVisible = 0;
			defaultConfigurationName = Release;
		};
/* End XCConfigurationList section */
	};
	rootObject = F5F5548721D6032D00BA1FF5 /* Project object */;
}
